{
  "version": 4,
  "terraform_version": "1.2.6",
  "serial": 33,
  "lineage": "eee01fbf-c907-a21c-0ea1-66d35ed1cceb",
  "outputs": {
    "namespace": {
      "value": "{\"1\":{\"class\":\"five\",\"name\":\"simran_test\"},\"2\":{\"class\":\"six\",\"name\":\"simran_arora\"}}",
      "type": "string",
      "sensitive": true
    }
  },
  "resources": [
    {
      "mode": "data",
      "type": "databricks_spark_version",
      "name": "latest_lts",
      "provider": "provider[\"registry.terraform.io/databricks/databricks\"]",
      "instances": [
        {
          "schema_version": 0,
          "attributes": {
            "beta": null,
            "genomics": null,
            "gpu": null,
            "graviton": null,
            "id": "10.4.x-scala2.12",
            "latest": true,
            "long_term_support": true,
            "ml": null,
            "photon": null,
            "scala": "2.12",
            "spark_version": null
          },
          "sensitive_attributes": []
        }
      ]
    },
    {
      "mode": "managed",
      "type": "databricks_group",
      "name": "group",
      "provider": "provider[\"registry.terraform.io/databricks/databricks\"]",
      "instances": [
        {
          "schema_version": 0,
          "attributes": {
            "allow_cluster_create": true,
            "allow_instance_pool_create": true,
            "databricks_sql_access": true,
            "display_name": "testing_simran",
            "external_id": "",
            "force": true,
            "id": "101738",
            "url": "https://cust-success.cloud.databricks.com/#setting/accounts/groups/101738",
            "workspace_access": true
          },
          "sensitive_attributes": [],
          "private": "bnVsbA=="
        }
      ]
    },
    {
      "mode": "managed",
      "type": "databricks_secret",
      "name": "publishing_api",
      "provider": "provider[\"registry.terraform.io/databricks/databricks\"]",
      "instances": [
        {
          "schema_version": 0,
          "attributes": {
            "id": "terraform-demo-scope|||publishing_api",
            "key": "publishing_api",
            "last_updated_timestamp": 1665566078950,
            "scope": "terraform-demo-scope",
            "string_value": "{\"1\":{\"class\":\"five\",\"name\":\"simran_test\"},\"2\":{\"class\":\"six\",\"name\":\"simran_arora\"}}"
          },
          "sensitive_attributes": [],
          "private": "bnVsbA==",
          "dependencies": [
            "databricks_secret_scope.this"
          ]
        }
      ]
    },
    {
      "mode": "managed",
      "type": "databricks_secret_scope",
      "name": "this",
      "provider": "provider[\"registry.terraform.io/databricks/databricks\"]",
      "instances": [
        {
          "schema_version": 2,
          "attributes": {
            "backend_type": "DATABRICKS",
            "id": "terraform-demo-scope",
            "initial_manage_principal": null,
            "keyvault_metadata": [],
            "name": "terraform-demo-scope"
          },
          "sensitive_attributes": [],
          "private": "eyJzY2hlbWFfdmVyc2lvbiI6IjIifQ=="
        }
      ]
    }
  ]
}
