{
  "version": 4,
  "terraform_version": "1.2.6",
  "serial": 15,
  "lineage": "28aaf698-6fff-08ee-e86b-2a97346a8061",
  "outputs": {},
  "resources": [
    {
      "mode": "managed",
      "type": "databricks_group",
      "name": "group",
      "provider": "provider[\"registry.terraform.io/databricks/databricks\"]",
      "instances": [
        {
          "schema_version": 0,
          "attributes": {
            "allow_cluster_create": true,
            "allow_instance_pool_create": true,
            "databricks_sql_access": true,
            "display_name": "testing_simran",
            "external_id": "",
            "force": true,
            "id": "415617907264372",
            "url": "https://adb-8596220602934265.5.azuredatabricks.net/#setting/accounts/groups/415617907264372",
            "workspace_access": true
          },
          "sensitive_attributes": [],
          "private": "bnVsbA=="
        }
      ]
    },
    {
      "mode": "managed",
      "type": "databricks_sql_query",
      "name": "q1",
      "provider": "provider[\"registry.terraform.io/databricks/databricks\"]",
      "instances": [
        {
          "schema_version": 0,
          "attributes": {
            "data_source_id": "676432a6-c8bd-4bab-9e3b-7e8e51085f64",
            "description": null,
            "id": "66a7e9d9-6cad-4951-8f66-e942314c6489",
            "name": "My Query Name",
            "parameter": [],
            "query": "SELECT * from simran_test.customers",
            "run_as_role": null,
            "schedule": [],
            "tags": null
          },
          "sensitive_attributes": [],
          "private": "bnVsbA=="
        }
      ]
    },
    {
      "mode": "managed",
      "type": "databricks_sql_visualization",
      "name": "q1v1",
      "provider": "provider[\"registry.terraform.io/databricks/databricks\"]",
      "instances": [
        {
          "schema_version": 0,
          "attributes": {
            "description": "Some Description",
            "id": "66a7e9d9-6cad-4951-8f66-e942314c6489/dea84c56-4562-4493-ba49-29c6716e4230",
            "name": "My Table",
            "options": "{\"alignYAxesAtZero\": false, \"coefficient\": 1, \"columnConfigurationMap\": {\"series\": {\"column\": \"AccountId\", \"id\": \"column_7915eaf48\"}, \"x\": {\"column\": \"vertical\", \"id\": \"column_7915eaf47\"}, \"y\": [{\"column\": \"dollar_ammount\", \"id\": \"column_7915eaf49\", \"transform\": \"SUM\"}]}, \"dateTimeFormat\": \"YYYY-MM-DD HH:mm\", \"direction\": {\"type\": \"counterclockwise\"}, \"error_y\": {\"type\": \"data\", \"visible\": true}, \"globalSeriesType\": \"pie\", \"legend\": {\"traceorder\": \"normal\"}, \"missingValuesAsZero\": true, \"numberFormat\": \"0,0[.]00000\", \"percentFormat\": \"0[.]00%\", \"series\": {\"error_y\": {\"type\": \"data\", \"visible\": true}, \"stacking\": \"stack\"}, \"seriesOptions\": {\"column_7915eaf49\": {\"name\": \"dollar_ammount\", \"type\": \"pie\", \"yAxis\": 0}}, \"showDataLabels\": true, \"sizemode\": \"diameter\", \"sortX\": true, \"sortY\": true, \"swappedAxes\": false, \"textFormat\": \"\", \"useAggregationsUi\": true, \"valuesOptions\": {}, \"version\": 2, \"xAxis\": {\"labels\": {\"enabled\": true}, \"type\": \"-\"}, \"yAxis\": [{\"type\": \"-\"}, {\"opposite\": true, \"type\": \"-\"}]}",
            "query_id": "66a7e9d9-6cad-4951-8f66-e942314c6489",
            "type": "table",
            "visualization_id": "dea84c56-4562-4493-ba49-29c6716e4230"
          },
          "sensitive_attributes": [],
          "private": "bnVsbA==",
          "dependencies": [
            "databricks_sql_query.q1"
          ]
        }
      ]
    }
  ]
}
