{
  "version": 4,
  "terraform_version": "1.2.6",
  "serial": 26,
  "lineage": "eee01fbf-c907-a21c-0ea1-66d35ed1cceb",
  "outputs": {},
  "resources": [
    {
      "mode": "data",
      "type": "databricks_node_type",
      "name": "smallest",
      "provider": "provider[\"registry.terraform.io/databricks/databricks\"]",
      "instances": [
        {
          "schema_version": 0,
          "attributes": {
            "category": null,
            "gb_per_core": null,
            "graviton": null,
            "id": "m5d.large",
            "is_io_cache_enabled": null,
            "local_disk": true,
            "min_cores": null,
            "min_gpus": null,
            "min_memory_gb": null,
            "photon_driver_capable": null,
            "photon_worker_capable": null,
            "support_port_forwarding": null,
            "vcpu": null
          },
          "sensitive_attributes": []
        }
      ]
    },
    {
      "mode": "data",
      "type": "databricks_spark_version",
      "name": "latest_lts",
      "provider": "provider[\"registry.terraform.io/databricks/databricks\"]",
      "instances": [
        {
          "schema_version": 0,
          "attributes": {
            "beta": null,
            "genomics": null,
            "gpu": null,
            "graviton": null,
            "id": "10.4.x-scala2.12",
            "latest": true,
            "long_term_support": true,
            "ml": null,
            "photon": null,
            "scala": "2.12",
            "spark_version": null
          },
          "sensitive_attributes": []
        }
      ]
    },
    {
      "mode": "managed",
      "type": "databricks_cluster",
      "name": "shared_autoscaling",
      "provider": "provider[\"registry.terraform.io/databricks/databricks\"]",
      "instances": [
        {
          "schema_version": 2,
          "attributes": {
            "apply_policy_default_values": null,
            "autoscale": [
              {
                "max_workers": 2,
                "min_workers": 1
              }
            ],
            "autotermination_minutes": 20,
            "aws_attributes": [
              {
                "availability": "SPOT_WITH_FALLBACK",
                "ebs_volume_count": 0,
                "ebs_volume_size": 0,
                "ebs_volume_type": "",
                "first_on_demand": 0,
                "instance_profile_arn": "",
                "spot_bid_price_percent": 100,
                "zone_id": "us-west-2d"
              }
            ],
            "azure_attributes": [],
            "cluster_id": "1009-150630-5djd6t19",
            "cluster_log_conf": [],
            "cluster_name": "Shared Autoscaling",
            "custom_tags": null,
            "data_security_mode": null,
            "default_tags": {
              "ClusterId": "1009-150630-5djd6t19",
              "ClusterName": "Shared Autoscaling",
              "Creator": "simran.arora@databricks.com",
              "Vendor": "Databricks"
            },
            "docker_image": [],
            "driver_instance_pool_id": null,
            "driver_node_type_id": "m5d.large",
            "enable_elastic_disk": true,
            "enable_local_disk_encryption": false,
            "gcp_attributes": [],
            "id": "1009-150630-5djd6t19",
            "idempotency_token": null,
            "init_scripts": [],
            "instance_pool_id": null,
            "is_pinned": false,
            "library": [
              {
                "cran": [],
                "egg": "",
                "jar": "",
                "maven": [
                  {
                    "coordinates": "com.google.guava:guava:23.0",
                    "exclusions": [],
                    "repo": ""
                  }
                ],
                "pypi": [],
                "whl": ""
              }
            ],
            "node_type_id": "m5d.large",
            "num_workers": 0,
            "policy_id": null,
            "single_user_name": null,
            "spark_conf": null,
            "spark_env_vars": null,
            "spark_version": "10.4.x-scala2.12",
            "ssh_public_keys": null,
            "state": "TERMINATED",
            "timeouts": null,
            "url": "https://cust-success.cloud.databricks.com/#setting/clusters/1009-150630-5djd6t19/configuration",
            "workload_type": []
          },
          "sensitive_attributes": [],
          "private": "eyJlMmJmYjczMC1lY2FhLTExZTYtOGY4OC0zNDM2M2JjN2M0YzAiOnsiY3JlYXRlIjoxODAwMDAwMDAwMDAwLCJkZWxldGUiOjE4MDAwMDAwMDAwMDAsInVwZGF0ZSI6MTgwMDAwMDAwMDAwMH0sInNjaGVtYV92ZXJzaW9uIjoiMiJ9",
          "dependencies": [
            "data.databricks_node_type.smallest",
            "data.databricks_spark_version.latest_lts"
          ]
        }
      ]
    },
    {
      "mode": "managed",
      "type": "databricks_group",
      "name": "group",
      "provider": "provider[\"registry.terraform.io/databricks/databricks\"]",
      "instances": [
        {
          "schema_version": 0,
          "attributes": {
            "allow_cluster_create": true,
            "allow_instance_pool_create": true,
            "databricks_sql_access": true,
            "display_name": "testing_simran",
            "external_id": "",
            "force": true,
            "id": "101738",
            "url": "https://cust-success.cloud.databricks.com/#setting/accounts/groups/101738",
            "workspace_access": true
          },
          "sensitive_attributes": [],
          "private": "bnVsbA=="
        }
      ]
    }
  ]
}
